
Microsoft Visual Studio Solution File, Format Version 12.00
# Visual Studio 2013
VisualStudioVersion = 12.0.31101.0
MinimumVisualStudioVersion = 10.0.40219.1
Project("{8BC9CEB8-8B4A-11D0-8D11-00A0C91BC942}") = "bmx2ogg", "bmx2ogg\bmx2ogg.vcxproj", "{0BE66AA8-E0F0-4E92-A254-E5BDE1B6B041}"
	ProjectSection(ProjectDependencies) = postProject
		{29707C0A-73E2-43DE-8F6D-F2DB06808D14} = {29707C0A-73E2-43DE-8F6D-F2DB06808D14}
	EndProjectSection
EndProject
Project("{8BC9CEB8-8B4A-11D0-8D11-00A0C91BC942}") = "bmsbel", "bmsbelplus\bmsbel\bmsbel.vcxproj", "{29707C0A-73E2-43DE-8F6D-F2DB06808D14}"
	ProjectSection(ProjectDependencies) = postProject
		{754C626F-CD15-4A66-943A-A0299721E5F6} = {754C626F-CD15-4A66-943A-A0299721E5F6}
	EndProjectSection
EndProject
Project("{8BC9CEB8-8B4A-11D0-8D11-00A0C91BC942}") = "libiconv", "bmsbelplus\libiconv\libiconv.vcxproj", "{754C626F-CD15-4A66-943A-A0299721E5F6}"
EndProject
Global
	GlobalSection(SolutionConfigurationPlatforms) = preSolution
		Debug|Win32 = Debug|Win32
		Release|Win32 = Release|Win32
	EndGlobalSection
	GlobalSection(ProjectConfigurationPlatforms) = postSolution
		{0BE66AA8-E0F0-4E92-A254-E5BDE1B6B041}.Debug|Win32.ActiveCfg = Debug|Win32
		{0BE66AA8-E0F0-4E92-A254-E5BDE1B6B041}.Debug|Win32.Build.0 = Debug|Win32
		{0BE66AA8-E0F0-4E92-A254-E5BDE1B6B041}.Release|Win32.ActiveCfg = Release|Win32
		{0BE66AA8-E0F0-4E92-A254-E5BDE1B6B041}.Release|Win32.Build.0 = Release|Win32
		{29707C0A-73E2-43DE-8F6D-F2DB06808D14}.Debug|Win32.ActiveCfg = Debug|Win32
		{29707C0A-73E2-43DE-8F6D-F2DB06808D14}.Debug|Win32.Build.0 = Debug|Win32
		{29707C0A-73E2-43DE-8F6D-F2DB06808D14}.Release|Win32.ActiveCfg = Release|Win32
		{29707C0A-73E2-43DE-8F6D-F2DB06808D14}.Release|Win32.Build.0 = Release|Win32
		{754C626F-CD15-4A66-943A-A0299721E5F6}.Debug|Win32.ActiveCfg = Debug|Win32
		{754C626F-CD15-4A66-943A-A0299721E5F6}.Debug|Win32.Build.0 = Debug|Win32
		{754C626F-CD15-4A66-943A-A0299721E5F6}.Release|Win32.ActiveCfg = Release|Win32
		{754C626F-CD15-4A66-943A-A0299721E5F6}.Release|Win32.Build.0 = Release|Win32
	EndGlobalSection
	GlobalSection(SolutionProperties) = preSolution
		HideSolutionNode = FALSE
	EndGlobalSection
EndGlobal
